github.com/pat42smith/gotest v0.0.3 h1:tcRuhsRhU4a9Ilnj5TwZGiow56FexGy2IyaqyAPN76I=
github.com/pat42smith/gotest v0.0.3/go.mod h1:vbG37ZdNE1yBmgX1a+UnQF5alez97f+vBFWv0vWbLxw=
github.com/pat42smith/or v0.0.2 h1:H3A08AI3jUlWB7FXOoF9DxrzYCd/IqhjnLxNZ6vhgQs=
github.com/pat42smith/or v0.0.2/go.mod h1:ka3B4tlUSBtEZ6rOGHdLdMVWSPyCinlPaPBaXAEnpZg=
